
Microsoft Visual Studio Solution File, Format Version 12.00
# Visual Studio 15
VisualStudioVersion = 15.0.27130.2010
MinimumVisualStudioVersion = 10.0.40219.1
Project("{FAE04EC0-301F-11D3-BF4B-00C04F79EFBC}") = "Exercises_Lecture75", "Exercises_Lecture75\Exercises_Lecture75.csproj", "{2EE76691-6385-44DB-A3EB-D0B95D0B3AC3}"
EndProject
Global
	GlobalSection(SolutionConfigurationPlatforms) = preSolution
		Debug|Any CPU = Debug|Any CPU
		Release|Any CPU = Release|Any CPU
	EndGlobalSection
	GlobalSection(ProjectConfigurationPlatforms) = postSolution
		{2EE76691-6385-44DB-A3EB-D0B95D0B3AC3}.Debug|Any CPU.ActiveCfg = Debug|Any CPU
		{2EE76691-6385-44DB-A3EB-D0B95D0B3AC3}.Debug|Any CPU.Build.0 = Debug|Any CPU
		{2EE76691-6385-44DB-A3EB-D0B95D0B3AC3}.Release|Any CPU.ActiveCfg = Release|Any CPU
		{2EE76691-6385-44DB-A3EB-D0B95D0B3AC3}.Release|Any CPU.Build.0 = Release|Any CPU
	EndGlobalSection
	GlobalSection(SolutionProperties) = preSolution
		HideSolutionNode = FALSE
	EndGlobalSection
	GlobalSection(ExtensibilityGlobals) = postSolution
		SolutionGuid = {EF405DF8-734C-4AB6-9D76-81305095053A}
	EndGlobalSection
EndGlobal
